
Microsoft Visual Studio Solution File, Format Version 12.00
# Visual Studio Version 16
VisualStudioVersion = 16.0.31424.327
MinimumVisualStudioVersion = 10.0.40219.1
Project("{FAE04EC0-301F-11D3-BF4B-00C04F79EFBC}") = "FizzBuzz", "FizzBuzz\FizzBuzz.csproj", "{025FBFF1-BFCD-42F8-80F8-4B60D1288B30}"
EndProject
Project("{FAE04EC0-301F-11D3-BF4B-00C04F79EFBC}") = "FizzBuzzTests", "FizzBuzzTests\FizzBuzzTests.csproj", "{8A98F23D-40BF-44A0-BB4B-2435DE600CF8}"
EndProject
Global
	GlobalSection(SolutionConfigurationPlatforms) = preSolution
		Debug|Any CPU = Debug|Any CPU
		Release|Any CPU = Release|Any CPU
	EndGlobalSection
	GlobalSection(ProjectConfigurationPlatforms) = postSolution
		{025FBFF1-BFCD-42F8-80F8-4B60D1288B30}.Debug|Any CPU.ActiveCfg = Debug|Any CPU
		{025FBFF1-BFCD-42F8-80F8-4B60D1288B30}.Debug|Any CPU.Build.0 = Debug|Any CPU
		{025FBFF1-BFCD-42F8-80F8-4B60D1288B30}.Release|Any CPU.ActiveCfg = Release|Any CPU
		{025FBFF1-BFCD-42F8-80F8-4B60D1288B30}.Release|Any CPU.Build.0 = Release|Any CPU
		{8A98F23D-40BF-44A0-BB4B-2435DE600CF8}.Debug|Any CPU.ActiveCfg = Debug|Any CPU
		{8A98F23D-40BF-44A0-BB4B-2435DE600CF8}.Debug|Any CPU.Build.0 = Debug|Any CPU
		{8A98F23D-40BF-44A0-BB4B-2435DE600CF8}.Release|Any CPU.ActiveCfg = Release|Any CPU
		{8A98F23D-40BF-44A0-BB4B-2435DE600CF8}.Release|Any CPU.Build.0 = Release|Any CPU
	EndGlobalSection
	GlobalSection(SolutionProperties) = preSolution
		HideSolutionNode = FALSE
	EndGlobalSection
	GlobalSection(ExtensibilityGlobals) = postSolution
		SolutionGuid = {79653654-3372-4F00-9B83-7AE1873F5F12}
	EndGlobalSection
EndGlobal
